// !$*UTF8*$!
{
	archiveVersion = 1;
	classes = {
	};
	objectVersion = 46;
	objects = {

/* Begin PBXBuildFile section */
		485C007D16F0D88300743C04 /* Foundation.framework in Frameworks */ = {isa = PBXBuildFile; fileRef = 485C007C16F0D88300743C04 /* Foundation.framework */; };
		485C008016F0D88300743C04 /* main.m in Sources */ = {isa = PBXBuildFile; fileRef = 485C007F16F0D88300743C04 /* main.m */; };
		485C008416F0D88300743C04 /* EMVgraph.1 in CopyFiles */ = {isa = PBXBuildFile; fileRef = 485C008316F0D88300743C04 /* EMVgraph.1 */; };
		485C009416F0D8EB00743C04 /* Entity.m in Sources */ = {isa = PBXBuildFile; fileRef = 485C008B16F0D8EB00743C04 /* Entity.m */; };
		485C009516F0D8EB00743C04 /* Node.m in Sources */ = {isa = PBXBuildFile; fileRef = 485C008D16F0D8EB00743C04 /* Node.m */; };
		485C009616F0D8EB00743C04 /* Edge.m in Sources */ = {isa = PBXBuildFile; fileRef = 485C008F16F0D8EB00743C04 /* Edge.m */; };
		485C009716F0D8EB00743C04 /* Row.m in Sources */ = {isa = PBXBuildFile; fileRef = 485C009116F0D8EB00743C04 /* Row.m */; };
		485C009816F0D8EB00743C04 /* UUID.m in Sources */ = {isa = PBXBuildFile; fileRef = 485C009316F0D8EB00743C04 /* UUID.m */; };
/* End PBXBuildFile section */

/* Begin PBXCopyFilesBuildPhase section */
		485C007716F0D88300743C04 /* CopyFiles */ = {
			isa = PBXCopyFilesBuildPhase;
			buildActionMask = 2147483647;
			dstPath = /usr/share/man/man1/;
			dstSubfolderSpec = 0;
			files = (
				485C008416F0D88300743C04 /* EMVgraph.1 in CopyFiles */,
			);
			runOnlyForDeploymentPostprocessing = 1;
		};
/* End PBXCopyFilesBuildPhase section */

/* Begin PBXFileReference section */
		485C007916F0D88300743C04 /* EMVgraph */ = {isa = PBXFileReference; explicitFileType = "compiled.mach-o.executable"; includeInIndex = 0; path = EMVgraph; sourceTree = BUILT_PRODUCTS_DIR; };
		485C007C16F0D88300743C04 /* Foundation.framework */ = {isa = PBXFileReference; lastKnownFileType = wrapper.framework; name = Foundation.framework; path = System/Library/Frameworks/Foundation.framework; sourceTree = SDKROOT; };
		485C007F16F0D88300743C04 /* main.m */ = {isa = PBXFileReference; lastKnownFileType = sourcecode.c.objc; path = main.m; sourceTree = "<group>"; };
		485C008216F0D88300743C04 /* EMVgraph-Prefix.pch */ = {isa = PBXFileReference; lastKnownFileType = sourcecode.c.h; path = "EMVgraph-Prefix.pch"; sourceTree = "<group>"; };
		485C008316F0D88300743C04 /* EMVgraph.1 */ = {isa = PBXFileReference; lastKnownFileType = text.man; path = EMVgraph.1; sourceTree = "<group>"; };
		485C008A16F0D8EB00743C04 /* Entity.h */ = {isa = PBXFileReference; fileEncoding = 4; lastKnownFileType = sourcecode.c.h; path = Entity.h; sourceTree = "<group>"; };
		485C008B16F0D8EB00743C04 /* Entity.m */ = {isa = PBXFileReference; fileEncoding = 4; lastKnownFileType = sourcecode.c.objc; path = Entity.m; sourceTree = "<group>"; };
		485C008C16F0D8EB00743C04 /* Node.h */ = {isa = PBXFileReference; fileEncoding = 4; lastKnownFileType = sourcecode.c.h; path = Node.h; sourceTree = "<group>"; };
		485C008D16F0D8EB00743C04 /* Node.m */ = {isa = PBXFileReference; fileEncoding = 4; lastKnownFileType = sourcecode.c.objc; path = Node.m; sourceTree = "<group>"; };
		485C008E16F0D8EB00743C04 /* Edge.h */ = {isa = PBXFileReference; fileEncoding = 4; lastKnownFileType = sourcecode.c.h; path = Edge.h; sourceTree = "<group>"; };
		485C008F16F0D8EB00743C04 /* Edge.m */ = {isa = PBXFileReference; fileEncoding = 4; lastKnownFileType = sourcecode.c.objc; path = Edge.m; sourceTree = "<group>"; };
		485C009016F0D8EB00743C04 /* Row.h */ = {isa = PBXFileReference; fileEncoding = 4; lastKnownFileType = sourcecode.c.h; path = Row.h; sourceTree = "<group>"; };
		485C009116F0D8EB00743C04 /* Row.m */ = {isa = PBXFileReference; fileEncoding = 4; lastKnownFileType = sourcecode.c.objc; path = Row.m; sourceTree = "<group>"; };
		485C009216F0D8EB00743C04 /* UUID.h */ = {isa = PBXFileReference; fileEncoding = 4; lastKnownFileType = sourcecode.c.h; path = UUID.h; sourceTree = "<group>"; };
		485C009316F0D8EB00743C04 /* UUID.m */ = {isa = PBXFileReference; fileEncoding = 4; lastKnownFileType = sourcecode.c.objc; path = UUID.m; sourceTree = "<group>"; };
		485C009916F0DF6A00743C04 /* README.md */ = {isa = PBXFileReference; fileEncoding = 4; lastKnownFileType = text; path = README.md; sourceTree = "<group>"; };
/* End PBXFileReference section */

/* Begin PBXFrameworksBuildPhase section */
		485C007616F0D88300743C04 /* Frameworks */ = {
			isa = PBXFrameworksBuildPhase;
			buildActionMask = 2147483647;
			files = (
				485C007D16F0D88300743C04 /* Foundation.framework in Frameworks */,
			);
			runOnlyForDeploymentPostprocessing = 0;
		};
/* End PBXFrameworksBuildPhase section */

/* Begin PBXGroup section */
		485C007016F0D88300743C04 = {
			isa = PBXGroup;
			children = (
				485C007E16F0D88300743C04 /* EMVgraph */,
				485C007B16F0D88300743C04 /* Frameworks */,
				485C007A16F0D88300743C04 /* Products */,
			);
			sourceTree = "<group>";
		};
		485C007A16F0D88300743C04 /* Products */ = {
			isa = PBXGroup;
			children = (
				485C007916F0D88300743C04 /* EMVgraph */,
			);
			name = Products;
			sourceTree = "<group>";
		};
		485C007B16F0D88300743C04 /* Frameworks */ = {
			isa = PBXGroup;
			children = (
				485C007C16F0D88300743C04 /* Foundation.framework */,
			);
			name = Frameworks;
			sourceTree = "<group>";
		};
		485C007E16F0D88300743C04 /* EMVgraph */ = {
			isa = PBXGroup;
			children = (
				485C007F16F0D88300743C04 /* main.m */,
				485C008A16F0D8EB00743C04 /* Entity.h */,
				485C008B16F0D8EB00743C04 /* Entity.m */,
				485C008C16F0D8EB00743C04 /* Node.h */,
				485C008D16F0D8EB00743C04 /* Node.m */,
				485C008E16F0D8EB00743C04 /* Edge.h */,
				485C008F16F0D8EB00743C04 /* Edge.m */,
				485C009016F0D8EB00743C04 /* Row.h */,
				485C009116F0D8EB00743C04 /* Row.m */,
				485C009216F0D8EB00743C04 /* UUID.h */,
				485C009316F0D8EB00743C04 /* UUID.m */,
				485C008316F0D88300743C04 /* EMVgraph.1 */,
				485C009916F0DF6A00743C04 /* README.md */,
				485C008116F0D88300743C04 /* Supporting Files */,
			);
			path = EMVgraph;
			sourceTree = "<group>";
		};
		485C008116F0D88300743C04 /* Supporting Files */ = {
			isa = PBXGroup;
			children = (
				485C008216F0D88300743C04 /* EMVgraph-Prefix.pch */,
			);
			name = "Supporting Files";
			sourceTree = "<group>";
		};
/* End PBXGroup section */

/* Begin PBXNativeTarget section */
		485C007816F0D88300743C04 /* EMVgraph */ = {
			isa = PBXNativeTarget;
			buildConfigurationList = 485C008716F0D88300743C04 /* Build configuration list for PBXNativeTarget "EMVgraph" */;
			buildPhases = (
				485C007516F0D88300743C04 /* Sources */,
				485C007616F0D88300743C04 /* Frameworks */,
				485C007716F0D88300743C04 /* CopyFiles */,
			);
			buildRules = (
			);
			dependencies = (
			);
			name = EMVgraph;
			productName = EMVgraph;
			productReference = 485C007916F0D88300743C04 /* EMVgraph */;
			productType = "com.apple.product-type.tool";
		};
/* End PBXNativeTarget section */

/* Begin PBXProject section */
		485C007116F0D88300743C04 /* Project object */ = {
			isa = PBXProject;
			attributes = {
				LastUpgradeCheck = 0460;
				ORGANIZATIONNAME = "Claus Guttesen";
			};
			buildConfigurationList = 485C007416F0D88300743C04 /* Build configuration list for PBXProject "EMVgraph" */;
			compatibilityVersion = "Xcode 3.2";
			developmentRegion = English;
			hasScannedForEncodings = 0;
			knownRegions = (
				en,
			);
			mainGroup = 485C007016F0D88300743C04;
			productRefGroup = 485C007A16F0D88300743C04 /* Products */;
			projectDirPath = "";
			projectRoot = "";
			targets = (
				485C007816F0D88300743C04 /* EMVgraph */,
			);
		};
/* End PBXProject section */

/* Begin PBXSourcesBuildPhase section */
		485C007516F0D88300743C04 /* Sources */ = {
			isa = PBXSourcesBuildPhase;
			buildActionMask = 2147483647;
			files = (
				485C008016F0D88300743C04 /* main.m in Sources */,
				485C009416F0D8EB00743C04 /* Entity.m in Sources */,
				485C009516F0D8EB00743C04 /* Node.m in Sources */,
				485C009616F0D8EB00743C04 /* Edge.m in Sources */,
				485C009716F0D8EB00743C04 /* Row.m in Sources */,
				485C009816F0D8EB00743C04 /* UUID.m in Sources */,
			);
			runOnlyForDeploymentPostprocessing = 0;
		};
/* End PBXSourcesBuildPhase section */

/* Begin XCBuildConfiguration section */
		485C008516F0D88300743C04 /* Debug */ = {
			isa = XCBuildConfiguration;
			buildSettings = {
				ALWAYS_SEARCH_USER_PATHS = NO;
				ARCHS = "$(ARCHS_STANDARD_64_BIT)";
				CLANG_CXX_LANGUAGE_STANDARD = "gnu++0x";
				CLANG_CXX_LIBRARY = "libc++";
				CLANG_ENABLE_OBJC_ARC = YES;
				CLANG_WARN_CONSTANT_CONVERSION = YES;
				CLANG_WARN_EMPTY_BODY = YES;
				CLANG_WARN_ENUM_CONVERSION = YES;
				CLANG_WARN_INT_CONVERSION = YES;
				CLANG_WARN__DUPLICATE_METHOD_MATCH = YES;
				COPY_PHASE_STRIP = NO;
				GCC_C_LANGUAGE_STANDARD = gnu99;
				GCC_DYNAMIC_NO_PIC = NO;
				GCC_ENABLE_OBJC_EXCEPTIONS = YES;
				GCC_OPTIMIZATION_LEVEL = 0;
				GCC_PREPROCESSOR_DEFINITIONS = (
					"DEBUG=1",
					"$(inherited)",
				);
				GCC_SYMBOLS_PRIVATE_EXTERN = NO;
				GCC_WARN_64_TO_32_BIT_CONVERSION = YES;
				GCC_WARN_ABOUT_RETURN_TYPE = YES;
				GCC_WARN_UNINITIALIZED_AUTOS = YES;
				GCC_WARN_UNUSED_VARIABLE = YES;
				MACOSX_DEPLOYMENT_TARGET = 10.8;
				ONLY_ACTIVE_ARCH = YES;
				SDKROOT = macosx;
			};
			name = Debug;
		};
		485C008616F0D88300743C04 /* Release */ = {
			isa = XCBuildConfiguration;
			buildSettings = {
				ALWAYS_SEARCH_USER_PATHS = NO;
				ARCHS = "$(ARCHS_STANDARD_64_BIT)";
				CLANG_CXX_LANGUAGE_STANDARD = "gnu++0x";
				CLANG_CXX_LIBRARY = "libc++";
				CLANG_ENABLE_OBJC_ARC = YES;
				CLANG_WARN_CONSTANT_CONVERSION = YES;
				CLANG_WARN_EMPTY_BODY = YES;
				CLANG_WARN_ENUM_CONVERSION = YES;
				CLANG_WARN_INT_CONVERSION = YES;
				CLANG_WARN__DUPLICATE_METHOD_MATCH = YES;
				COPY_PHASE_STRIP = YES;
				DEBUG_INFORMATION_FORMAT = "dwarf-with-dsym";
				GCC_C_LANGUAGE_STANDARD = gnu99;
				GCC_ENABLE_OBJC_EXCEPTIONS = YES;
				GCC_WARN_64_TO_32_BIT_CONVERSION = YES;
				GCC_WARN_ABOUT_RETURN_TYPE = YES;
				GCC_WARN_UNINITIALIZED_AUTOS = YES;
				GCC_WARN_UNUSED_VARIABLE = YES;
				MACOSX_DEPLOYMENT_TARGET = 10.8;
				SDKROOT = macosx;
			};
			name = Release;
		};
		485C008816F0D88300743C04 /* Debug */ = {
			isa = XCBuildConfiguration;
			buildSettings = {
				GCC_PRECOMPILE_PREFIX_HEADER = YES;
				GCC_PREFIX_HEADER = "EMVgraph/EMVgraph-Prefix.pch";
				PRODUCT_NAME = "$(TARGET_NAME)";
			};
			name = Debug;
		};
		485C008916F0D88300743C04 /* Release */ = {
			isa = XCBuildConfiguration;
			buildSettings = {
				GCC_PRECOMPILE_PREFIX_HEADER = YES;
				GCC_PREFIX_HEADER = "EMVgraph/EMVgraph-Prefix.pch";
				PRODUCT_NAME = "$(TARGET_NAME)";
			};
			name = Release;
		};
/* End XCBuildConfiguration section */

/* Begin XCConfigurationList section */
		485C007416F0D88300743C04 /* Build configuration list for PBXProject "EMVgraph" */ = {
			isa = XCConfigurationList;
			buildConfigurations = (
				485C008516F0D88300743C04 /* Debug */,
				485C008616F0D88300743C04 /* Release */,
			);
			defaultConfigurationIsVisible = 0;
			defaultConfigurationName = Release;
		};
		485C008716F0D88300743C04 /* Build configuration list for PBXNativeTarget "EMVgraph" */ = {
			isa = XCConfigurationList;
			buildConfigurations = (
				485C008816F0D88300743C04 /* Debug */,
				485C008916F0D88300743C04 /* Release */,
			);
			defaultConfigurationIsVisible = 0;
		};
/* End XCConfigurationList section */
	};
	rootObject = 485C007116F0D88300743C04 /* Project object */;
}
